// !$*UTF8*$!
{
	archiveVersion = 1;
	classes = {
	};
	objectVersion = 46;
	objects = {

/* Begin PBXBuildFile section */
		920BF4661947BFA7001BBAA6 /* WerkenViewController.m in Sources */ = {isa = PBXBuildFile; fileRef = 920BF4631947BFA7001BBAA6 /* WerkenViewController.m */; };
		920BF4671947BFA7001BBAA6 /* WerkenView.m in Sources */ = {isa = PBXBuildFile; fileRef = 920BF4651947BFA7001BBAA6 /* WerkenView.m */; };
		920BF4781947BFAE001BBAA6 /* DrawingViewController.m in Sources */ = {isa = PBXBuildFile; fileRef = 920BF4691947BFAE001BBAA6 /* DrawingViewController.m */; };
		920BF4791947BFAE001BBAA6 /* DrawingView.m in Sources */ = {isa = PBXBuildFile; fileRef = 920BF46B1947BFAE001BBAA6 /* DrawingView.m */; };
		920BF47A1947BFAE001BBAA6 /* SecondInfoViewController.m in Sources */ = {isa = PBXBuildFile; fileRef = 920BF46D1947BFAE001BBAA6 /* SecondInfoViewController.m */; };
		920BF47B1947BFAE001BBAA6 /* SecondInfoView.m in Sources */ = {isa = PBXBuildFile; fileRef = 920BF46F1947BFAE001BBAA6 /* SecondInfoView.m */; };
		920BF47C1947BFAE001BBAA6 /* EndDrawViewController.m in Sources */ = {isa = PBXBuildFile; fileRef = 920BF4711947BFAE001BBAA6 /* EndDrawViewController.m */; };
		920BF47D1947BFAE001BBAA6 /* EndDrawView.m in Sources */ = {isa = PBXBuildFile; fileRef = 920BF4731947BFAE001BBAA6 /* EndDrawView.m */; };
		920BF47E1947BFAE001BBAA6 /* DrawingScrollViewController.m in Sources */ = {isa = PBXBuildFile; fileRef = 920BF4751947BFAE001BBAA6 /* DrawingScrollViewController.m */; };
		920BF47F1947BFAE001BBAA6 /* DrawingScrollView.m in Sources */ = {isa = PBXBuildFile; fileRef = 920BF4771947BFAE001BBAA6 /* DrawingScrollView.m */; };
		92148C731948709F006A3AE5 /* UitlegView.m in Sources */ = {isa = PBXBuildFile; fileRef = 92148C721948709F006A3AE5 /* UitlegView.m */; };
		92148C7B19487556006A3AE5 /* MapKit.framework in Frameworks */ = {isa = PBXBuildFile; fileRef = 92148C7A19487556006A3AE5 /* MapKit.framework */; };
		92148C7D1948757B006A3AE5 /* CoreLocation.framework in Frameworks */ = {isa = PBXBuildFile; fileRef = 92148C7C1948757B006A3AE5 /* CoreLocation.framework */; };
		92148C81194876E7006A3AE5 /* AnnotationObject.m in Sources */ = {isa = PBXBuildFile; fileRef = 92148C80194876E7006A3AE5 /* AnnotationObject.m */; };
		92148C8B1948A99E006A3AE5 /* CustomPhotoPicker.m in Sources */ = {isa = PBXBuildFile; fileRef = 92148C8A1948A99E006A3AE5 /* CustomPhotoPicker.m */; };
		92148C961948D77E006A3AE5 /* PlaygroundViewController.m in Sources */ = {isa = PBXBuildFile; fileRef = 92148C8D1948D77E006A3AE5 /* PlaygroundViewController.m */; };
		92148C971948D77E006A3AE5 /* PlaygroundView.m in Sources */ = {isa = PBXBuildFile; fileRef = 92148C8F1948D77E006A3AE5 /* PlaygroundView.m */; };
		92148C981948D77E006A3AE5 /* CameraOverlayView.m in Sources */ = {isa = PBXBuildFile; fileRef = 92148C911948D77E006A3AE5 /* CameraOverlayView.m */; };
		92148C991948D77E006A3AE5 /* EndViewController.m in Sources */ = {isa = PBXBuildFile; fileRef = 92148C931948D77E006A3AE5 /* EndViewController.m */; };
		92148C9A1948D77E006A3AE5 /* EndView.m in Sources */ = {isa = PBXBuildFile; fileRef = 92148C951948D77E006A3AE5 /* EndView.m */; };
		921EABC5194118F800DBE329 /* QuartzCore.framework in Frameworks */ = {isa = PBXBuildFile; fileRef = 921EABC4194118F800DBE329 /* QuartzCore.framework */; };
		923850B7194D80A6003FAC8C /* MainMapViewController.m in Sources */ = {isa = PBXBuildFile; fileRef = 923850B6194D80A6003FAC8C /* MainMapViewController.m */; };
		923850BA194D80C7003FAC8C /* MainMapView.m in Sources */ = {isa = PBXBuildFile; fileRef = 923850B9194D80C7003FAC8C /* MainMapView.m */; };
		925811061949CFF00040390F /* AVFoundation.framework in Frameworks */ = {isa = PBXBuildFile; fileRef = 925811051949CFF00040390F /* AVFoundation.framework */; };
		925811091949E9EB0040390F /* SaveOrRetakeImageViewController.m in Sources */ = {isa = PBXBuildFile; fileRef = 925811081949E9EB0040390F /* SaveOrRetakeImageViewController.m */; };
		9258110C1949EA020040390F /* SaveOrRetakeImageView.m in Sources */ = {isa = PBXBuildFile; fileRef = 9258110B1949EA020040390F /* SaveOrRetakeImageView.m */; };
		925B7C4C194C74BE00D0F0FB /* SaveOrRetakeViewController.m in Sources */ = {isa = PBXBuildFile; fileRef = 925B7C4B194C74BE00D0F0FB /* SaveOrRetakeViewController.m */; };
		925B7C52194C768300D0F0FB /* SaveOrRetakeView.m in Sources */ = {isa = PBXBuildFile; fileRef = 925B7C51194C768300D0F0FB /* SaveOrRetakeView.m */; };
		92694D3B19478FB00021E63D /* NavigationBar.m in Sources */ = {isa = PBXBuildFile; fileRef = 92694D3A19478FB00021E63D /* NavigationBar.m */; };
		92694D41194793380021E63D /* LabelDataFactory.m in Sources */ = {isa = PBXBuildFile; fileRef = 92694D3E194793380021E63D /* LabelDataFactory.m */; };
		92694D42194793380021E63D /* LabelData.m in Sources */ = {isa = PBXBuildFile; fileRef = 92694D40194793380021E63D /* LabelData.m */; };
		92CF2C91194B0EB2007FB27F /* PeopleView.m in Sources */ = {isa = PBXBuildFile; fileRef = 92CF2C86194B0EB2007FB27F /* PeopleView.m */; };
		92CF2C92194B0EB2007FB27F /* PeopleViewController.m in Sources */ = {isa = PBXBuildFile; fileRef = 92CF2C88194B0EB2007FB27F /* PeopleViewController.m */; };
		92CF2C93194B0EB2007FB27F /* PhotoOverviewView.m in Sources */ = {isa = PBXBuildFile; fileRef = 92CF2C8A194B0EB2007FB27F /* PhotoOverviewView.m */; };
		92CF2C94194B0EB2007FB27F /* PhotoOverviewViewController.m in Sources */ = {isa = PBXBuildFile; fileRef = 92CF2C8C194B0EB2007FB27F /* PhotoOverviewViewController.m */; };
		92CF2C95194B0EB2007FB27F /* ShowPhotoView.m in Sources */ = {isa = PBXBuildFile; fileRef = 92CF2C8E194B0EB2007FB27F /* ShowPhotoView.m */; };
		92CF2C96194B0EB2007FB27F /* ShowPhotoViewController.m in Sources */ = {isa = PBXBuildFile; fileRef = 92CF2C90194B0EB2007FB27F /* ShowPhotoViewController.m */; };
		92CF2CA1194B10E4007FB27F /* RecordingView.m in Sources */ = {isa = PBXBuildFile; fileRef = 92CF2C9A194B10E4007FB27F /* RecordingView.m */; };
		92CF2CA2194B10E4007FB27F /* RecordingViewController.m in Sources */ = {isa = PBXBuildFile; fileRef = 92CF2C9C194B10E4007FB27F /* RecordingViewController.m */; };
		92E91215194AECD80031FBCD /* GPSEndView.m in Sources */ = {isa = PBXBuildFile; fileRef = 92E9120A194AECD80031FBCD /* GPSEndView.m */; };
		92E91216194AECD80031FBCD /* GPSEndViewController.m in Sources */ = {isa = PBXBuildFile; fileRef = 92E9120C194AECD80031FBCD /* GPSEndViewController.m */; };
		92E91217194AECD80031FBCD /* GPSView.m in Sources */ = {isa = PBXBuildFile; fileRef = 92E9120E194AECD80031FBCD /* GPSView.m */; };
		92E91218194AECD80031FBCD /* GPSViewController.m in Sources */ = {isa = PBXBuildFile; fileRef = 92E91210194AECD80031FBCD /* GPSViewController.m */; };
		92E91219194AECD80031FBCD /* MapView.m in Sources */ = {isa = PBXBuildFile; fileRef = 92E91212194AECD80031FBCD /* MapView.m */; };
		92E9121A194AECD80031FBCD /* MapViewController.m in Sources */ = {isa = PBXBuildFile; fileRef = 92E91214194AECD80031FBCD /* MapViewController.m */; };
		92E91231194AEF040031FBCD /* AFHTTPRequestOperation.m in Sources */ = {isa = PBXBuildFile; fileRef = 92E9121F194AEF040031FBCD /* AFHTTPRequestOperation.m */; };
		92E91232194AEF040031FBCD /* AFHTTPRequestOperationManager.m in Sources */ = {isa = PBXBuildFile; fileRef = 92E91221194AEF040031FBCD /* AFHTTPRequestOperationManager.m */; };
		92E91233194AEF040031FBCD /* AFHTTPSessionManager.m in Sources */ = {isa = PBXBuildFile; fileRef = 92E91223194AEF040031FBCD /* AFHTTPSessionManager.m */; };
		92E91234194AEF040031FBCD /* AFNetworkReachabilityManager.m in Sources */ = {isa = PBXBuildFile; fileRef = 92E91226194AEF040031FBCD /* AFNetworkReachabilityManager.m */; };
		92E91235194AEF040031FBCD /* AFSecurityPolicy.m in Sources */ = {isa = PBXBuildFile; fileRef = 92E91228194AEF040031FBCD /* AFSecurityPolicy.m */; };
		92E91236194AEF040031FBCD /* AFURLConnectionOperation.m in Sources */ = {isa = PBXBuildFile; fileRef = 92E9122A194AEF040031FBCD /* AFURLConnectionOperation.m */; };
		92E91237194AEF040031FBCD /* AFURLRequestSerialization.m in Sources */ = {isa = PBXBuildFile; fileRef = 92E9122C194AEF040031FBCD /* AFURLRequestSerialization.m */; };
		92E91238194AEF040031FBCD /* AFURLResponseSerialization.m in Sources */ = {isa = PBXBuildFile; fileRef = 92E9122E194AEF040031FBCD /* AFURLResponseSerialization.m */; };
		92E91239194AEF040031FBCD /* AFURLSessionManager.m in Sources */ = {isa = PBXBuildFile; fileRef = 92E91230194AEF040031FBCD /* AFURLSessionManager.m */; };
		EC53FA8F193F623B0056C41D /* Foundation.framework in Frameworks */ = {isa = PBXBuildFile; fileRef = EC53FA8E193F623B0056C41D /* Foundation.framework */; };
		EC53FA91193F623B0056C41D /* CoreGraphics.framework in Frameworks */ = {isa = PBXBuildFile; fileRef = EC53FA90193F623B0056C41D /* CoreGraphics.framework */; };
		EC53FA93193F623B0056C41D /* UIKit.framework in Frameworks */ = {isa = PBXBuildFile; fileRef = EC53FA92193F623B0056C41D /* UIKit.framework */; };
		EC53FA95193F623B0056C41D /* CoreData.framework in Frameworks */ = {isa = PBXBuildFile; fileRef = EC53FA94193F623B0056C41D /* CoreData.framework */; };
		EC53FA9B193F623B0056C41D /* InfoPlist.strings in Resources */ = {isa = PBXBuildFile; fileRef = EC53FA99193F623B0056C41D /* InfoPlist.strings */; };
		EC53FA9D193F623B0056C41D /* main.m in Sources */ = {isa = PBXBuildFile; fileRef = EC53FA9C193F623B0056C41D /* main.m */; };
		EC53FAA1193F623B0056C41D /* AppDelegate.m in Sources */ = {isa = PBXBuildFile; fileRef = EC53FAA0193F623B0056C41D /* AppDelegate.m */; };
		EC53FAA4193F623B0056C41D /* GROEP15_MAIV_ENROUTE.xcdatamodeld in Sources */ = {isa = PBXBuildFile; fileRef = EC53FAA2193F623B0056C41D /* GROEP15_MAIV_ENROUTE.xcdatamodeld */; };
		EC53FAAD193F623B0056C41D /* XCTest.framework in Frameworks */ = {isa = PBXBuildFile; fileRef = EC53FAAC193F623B0056C41D /* XCTest.framework */; };
		EC53FAAE193F623B0056C41D /* Foundation.framework in Frameworks */ = {isa = PBXBuildFile; fileRef = EC53FA8E193F623B0056C41D /* Foundation.framework */; };
		EC53FAAF193F623B0056C41D /* UIKit.framework in Frameworks */ = {isa = PBXBuildFile; fileRef = EC53FA92193F623B0056C41D /* UIKit.framework */; };
		EC53FAB0193F623B0056C41D /* CoreData.framework in Frameworks */ = {isa = PBXBuildFile; fileRef = EC53FA94193F623B0056C41D /* CoreData.framework */; };
		EC53FAB8193F623B0056C41D /* InfoPlist.strings in Resources */ = {isa = PBXBuildFile; fileRef = EC53FAB6193F623B0056C41D /* InfoPlist.strings */; };
		EC53FABA193F623B0056C41D /* GROEP15_MAIV_ENROUTETests.m in Sources */ = {isa = PBXBuildFile; fileRef = EC53FAB9193F623B0056C41D /* GROEP15_MAIV_ENROUTETests.m */; };
		EC53FACE193F63530056C41D /* MainViewController.m in Sources */ = {isa = PBXBuildFile; fileRef = EC53FACD193F63530056C41D /* MainViewController.m */; };
		EC53FAD4193F63650056C41D /* MainView.m in Sources */ = {isa = PBXBuildFile; fileRef = EC53FAD3193F63650056C41D /* MainView.m */; };
		EC53FAD7193F636B0056C41D /* RegisterView.m in Sources */ = {isa = PBXBuildFile; fileRef = EC53FAD6193F636B0056C41D /* RegisterView.m */; };
		EC53FADA193F63750056C41D /* RegisterViewController.m in Sources */ = {isa = PBXBuildFile; fileRef = EC53FAD9193F63750056C41D /* RegisterViewController.m */; };
		EC53FADD193F743B0056C41D /* Images.xcassets in Resources */ = {isa = PBXBuildFile; fileRef = EC53FADC193F743B0056C41D /* Images.xcassets */; };
		EC8FBAF4194092F00099F25A /* TidyHand.ttf in Resources */ = {isa = PBXBuildFile; fileRef = EC8FBAF3194092F00099F25A /* TidyHand.ttf */; };
		ECBDACCD193FF2BB00D4F903 /* casual_hardcore-webfont.ttf in Resources */ = {isa = PBXBuildFile; fileRef = ECBDACCC193FF2BB00D4F903 /* casual_hardcore-webfont.ttf */; };
/* End PBXBuildFile section */

/* Begin PBXContainerItemProxy section */
		EC53FAB1193F623B0056C41D /* PBXContainerItemProxy */ = {
			isa = PBXContainerItemProxy;
			containerPortal = EC53FA83193F623B0056C41D /* Project object */;
			proxyType = 1;
			remoteGlobalIDString = EC53FA8A193F623B0056C41D;
			remoteInfo = GROEP15_MAIV_ENROUTE;
		};
/* End PBXContainerItemProxy section */

/* Begin PBXFileReference section */
		65488CE31B214EA5882BD3E7 /* libPods.a */ = {isa = PBXFileReference; explicitFileType = archive.ar; includeInIndex = 0; path = libPods.a; sourceTree = BUILT_PRODUCTS_DIR; };
		920BF4621947BFA7001BBAA6 /* WerkenViewController.h */ = {isa = PBXFileReference; fileEncoding = 4; lastKnownFileType = sourcecode.c.h; path = WerkenViewController.h; sourceTree = "<group>"; };
		920BF4631947BFA7001BBAA6 /* WerkenViewController.m */ = {isa = PBXFileReference; fileEncoding = 4; lastKnownFileType = sourcecode.c.objc; path = WerkenViewController.m; sourceTree = "<group>"; };
		920BF4641947BFA7001BBAA6 /* WerkenView.h */ = {isa = PBXFileReference; fileEncoding = 4; lastKnownFileType = sourcecode.c.h; path = WerkenView.h; sourceTree = "<group>"; };
		920BF4651947BFA7001BBAA6 /* WerkenView.m */ = {isa = PBXFileReference; fileEncoding = 4; lastKnownFileType = sourcecode.c.objc; path = WerkenView.m; sourceTree = "<group>"; };
		920BF4681947BFAE001BBAA6 /* DrawingViewController.h */ = {isa = PBXFileReference; fileEncoding = 4; lastKnownFileType = sourcecode.c.h; path = DrawingViewController.h; sourceTree = "<group>"; };
		920BF4691947BFAE001BBAA6 /* DrawingViewController.m */ = {isa = PBXFileReference; fileEncoding = 4; lastKnownFileType = sourcecode.c.objc; path = DrawingViewController.m; sourceTree = "<group>"; };
		920BF46A1947BFAE001BBAA6 /* DrawingView.h */ = {isa = PBXFileReference; fileEncoding = 4; lastKnownFileType = sourcecode.c.h; path = DrawingView.h; sourceTree = "<group>"; };
		920BF46B1947BFAE001BBAA6 /* DrawingView.m */ = {isa = PBXFileReference; fileEncoding = 4; lastKnownFileType = sourcecode.c.objc; path = DrawingView.m; sourceTree = "<group>"; };
		920BF46C1947BFAE001BBAA6 /* SecondInfoViewController.h */ = {isa = PBXFileReference; fileEncoding = 4; lastKnownFileType = sourcecode.c.h; path = SecondInfoViewController.h; sourceTree = "<group>"; };
		920BF46D1947BFAE001BBAA6 /* SecondInfoViewController.m */ = {isa = PBXFileReference; fileEncoding = 4; lastKnownFileType = sourcecode.c.objc; path = SecondInfoViewController.m; sourceTree = "<group>"; };
		920BF46E1947BFAE001BBAA6 /* SecondInfoView.h */ = {isa = PBXFileReference; fileEncoding = 4; lastKnownFileType = sourcecode.c.h; path = SecondInfoView.h; sourceTree = "<group>"; };
		920BF46F1947BFAE001BBAA6 /* SecondInfoView.m */ = {isa = PBXFileReference; fileEncoding = 4; lastKnownFileType = sourcecode.c.objc; path = SecondInfoView.m; sourceTree = "<group>"; };
		920BF4701947BFAE001BBAA6 /* EndDrawViewController.h */ = {isa = PBXFileReference; fileEncoding = 4; lastKnownFileType = sourcecode.c.h; path = EndDrawViewController.h; sourceTree = "<group>"; };
		920BF4711947BFAE001BBAA6 /* EndDrawViewController.m */ = {isa = PBXFileReference; fileEncoding = 4; lastKnownFileType = sourcecode.c.objc; path = EndDrawViewController.m; sourceTree = "<group>"; };
		920BF4721947BFAE001BBAA6 /* EndDrawView.h */ = {isa = PBXFileReference; fileEncoding = 4; lastKnownFileType = sourcecode.c.h; path = EndDrawView.h; sourceTree = "<group>"; };
		920BF4731947BFAE001BBAA6 /* EndDrawView.m */ = {isa = PBXFileReference; fileEncoding = 4; lastKnownFileType = sourcecode.c.objc; path = EndDrawView.m; sourceTree = "<group>"; };
		920BF4741947BFAE001BBAA6 /* DrawingScrollViewController.h */ = {isa = PBXFileReference; fileEncoding = 4; lastKnownFileType = sourcecode.c.h; path = DrawingScrollViewController.h; sourceTree = "<group>"; };
		920BF4751947BFAE001BBAA6 /* DrawingScrollViewController.m */ = {isa = PBXFileReference; fileEncoding = 4; lastKnownFileType = sourcecode.c.objc; path = DrawingScrollViewController.m; sourceTree = "<group>"; };
		920BF4761947BFAE001BBAA6 /* DrawingScrollView.h */ = {isa = PBXFileReference; fileEncoding = 4; lastKnownFileType = sourcecode.c.h; path = DrawingScrollView.h; sourceTree = "<group>"; };
		920BF4771947BFAE001BBAA6 /* DrawingScrollView.m */ = {isa = PBXFileReference; fileEncoding = 4; lastKnownFileType = sourcecode.c.objc; path = DrawingScrollView.m; sourceTree = "<group>"; };
		92148C711948709F006A3AE5 /* UitlegView.h */ = {isa = PBXFileReference; fileEncoding = 4; lastKnownFileType = sourcecode.c.h; path = UitlegView.h; sourceTree = "<group>"; };
		92148C721948709F006A3AE5 /* UitlegView.m */ = {isa = PBXFileReference; fileEncoding = 4; lastKnownFileType = sourcecode.c.objc; path = UitlegView.m; sourceTree = "<group>"; };
		92148C7A19487556006A3AE5 /* MapKit.framework */ = {isa = PBXFileReference; lastKnownFileType = wrapper.framework; name = MapKit.framework; path = System/Library/Frameworks/MapKit.framework; sourceTree = SDKROOT; };
		92148C7C1948757B006A3AE5 /* CoreLocation.framework */ = {isa = PBXFileReference; lastKnownFileType = wrapper.framework; name = CoreLocation.framework; path = System/Library/Frameworks/CoreLocation.framework; sourceTree = SDKROOT; };
		92148C7F194876E7006A3AE5 /* AnnotationObject.h */ = {isa = PBXFileReference; fileEncoding = 4; lastKnownFileType = sourcecode.c.h; path = AnnotationObject.h; sourceTree = "<group>"; };
		92148C80194876E7006A3AE5 /* AnnotationObject.m */ = {isa = PBXFileReference; fileEncoding = 4; lastKnownFileType = sourcecode.c.objc; path = AnnotationObject.m; sourceTree = "<group>"; };
		92148C891948A99E006A3AE5 /* CustomPhotoPicker.h */ = {isa = PBXFileReference; fileEncoding = 4; lastKnownFileType = sourcecode.c.h; path = CustomPhotoPicker.h; sourceTree = "<group>"; };
		92148C8A1948A99E006A3AE5 /* CustomPhotoPicker.m */ = {isa = PBXFileReference; fileEncoding = 4; lastKnownFileType = sourcecode.c.objc; path = CustomPhotoPicker.m; sourceTree = "<group>"; };
		92148C8C1948D77E006A3AE5 /* PlaygroundViewController.h */ = {isa = PBXFileReference; fileEncoding = 4; lastKnownFileType = sourcecode.c.h; path = PlaygroundViewController.h; sourceTree = "<group>"; };
		92148C8D1948D77E006A3AE5 /* PlaygroundViewController.m */ = {isa = PBXFileReference; fileEncoding = 4; lastKnownFileType = sourcecode.c.objc; path = PlaygroundViewController.m; sourceTree = "<group>"; };
		92148C8E1948D77E006A3AE5 /* PlaygroundView.h */ = {isa = PBXFileReference; fileEncoding = 4; lastKnownFileType = sourcecode.c.h; path = PlaygroundView.h; sourceTree = "<group>"; };
		92148C8F1948D77E006A3AE5 /* PlaygroundView.m */ = {isa = PBXFileReference; fileEncoding = 4; lastKnownFileType = sourcecode.c.objc; path = PlaygroundView.m; sourceTree = "<group>"; };
		92148C901948D77E006A3AE5 /* CameraOverlayView.h */ = {isa = PBXFileReference; fileEncoding = 4; lastKnownFileType = sourcecode.c.h; path = CameraOverlayView.h; sourceTree = "<group>"; };
		92148C911948D77E006A3AE5 /* CameraOverlayView.m */ = {isa = PBXFileReference; fileEncoding = 4; lastKnownFileType = sourcecode.c.objc; path = CameraOverlayView.m; sourceTree = "<group>"; };
		92148C921948D77E006A3AE5 /* EndViewController.h */ = {isa = PBXFileReference; fileEncoding = 4; lastKnownFileType = sourcecode.c.h; path = EndViewController.h; sourceTree = "<group>"; };
		92148C931948D77E006A3AE5 /* EndViewController.m */ = {isa = PBXFileReference; fileEncoding = 4; lastKnownFileType = sourcecode.c.objc; path = EndViewController.m; sourceTree = "<group>"; };
		92148C941948D77E006A3AE5 /* EndView.h */ = {isa = PBXFileReference; fileEncoding = 4; lastKnownFileType = sourcecode.c.h; path = EndView.h; sourceTree = "<group>"; };
		92148C951948D77E006A3AE5 /* EndView.m */ = {isa = PBXFileReference; fileEncoding = 4; lastKnownFileType = sourcecode.c.objc; path = EndView.m; sourceTree = "<group>"; };
		921EABC4194118F800DBE329 /* QuartzCore.framework */ = {isa = PBXFileReference; lastKnownFileType = wrapper.framework; name = QuartzCore.framework; path = System/Library/Frameworks/QuartzCore.framework; sourceTree = SDKROOT; };
		923850B5194D80A6003FAC8C /* MainMapViewController.h */ = {isa = PBXFileReference; fileEncoding = 4; lastKnownFileType = sourcecode.c.h; path = MainMapViewController.h; sourceTree = "<group>"; };
		923850B6194D80A6003FAC8C /* MainMapViewController.m */ = {isa = PBXFileReference; fileEncoding = 4; lastKnownFileType = sourcecode.c.objc; path = MainMapViewController.m; sourceTree = "<group>"; };
		923850B8194D80C7003FAC8C /* MainMapView.h */ = {isa = PBXFileReference; fileEncoding = 4; lastKnownFileType = sourcecode.c.h; path = MainMapView.h; sourceTree = "<group>"; };
		923850B9194D80C7003FAC8C /* MainMapView.m */ = {isa = PBXFileReference; fileEncoding = 4; lastKnownFileType = sourcecode.c.objc; path = MainMapView.m; sourceTree = "<group>"; };
		925811051949CFF00040390F /* AVFoundation.framework */ = {isa = PBXFileReference; lastKnownFileType = wrapper.framework; name = AVFoundation.framework; path = System/Library/Frameworks/AVFoundation.framework; sourceTree = SDKROOT; };
		925811071949E9EB0040390F /* SaveOrRetakeImageViewController.h */ = {isa = PBXFileReference; fileEncoding = 4; lastKnownFileType = sourcecode.c.h; path = SaveOrRetakeImageViewController.h; sourceTree = "<group>"; };
		925811081949E9EB0040390F /* SaveOrRetakeImageViewController.m */ = {isa = PBXFileReference; fileEncoding = 4; lastKnownFileType = sourcecode.c.objc; path = SaveOrRetakeImageViewController.m; sourceTree = "<group>"; };
		9258110A1949EA020040390F /* SaveOrRetakeImageView.h */ = {isa = PBXFileReference; fileEncoding = 4; lastKnownFileType = sourcecode.c.h; path = SaveOrRetakeImageView.h; sourceTree = "<group>"; };
		9258110B1949EA020040390F /* SaveOrRetakeImageView.m */ = {isa = PBXFileReference; fileEncoding = 4; lastKnownFileType = sourcecode.c.objc; path = SaveOrRetakeImageView.m; sourceTree = "<group>"; };
		925B7C4A194C74BE00D0F0FB /* SaveOrRetakeViewController.h */ = {isa = PBXFileReference; fileEncoding = 4; lastKnownFileType = sourcecode.c.h; path = SaveOrRetakeViewController.h; sourceTree = "<group>"; };
		925B7C4B194C74BE00D0F0FB /* SaveOrRetakeViewController.m */ = {isa = PBXFileReference; fileEncoding = 4; lastKnownFileType = sourcecode.c.objc; path = SaveOrRetakeViewController.m; sourceTree = "<group>"; };
		925B7C50194C768300D0F0FB /* SaveOrRetakeView.h */ = {isa = PBXFileReference; fileEncoding = 4; lastKnownFileType = sourcecode.c.h; path = SaveOrRetakeView.h; sourceTree = "<group>"; };
		925B7C51194C768300D0F0FB /* SaveOrRetakeView.m */ = {isa = PBXFileReference; fileEncoding = 4; lastKnownFileType = sourcecode.c.objc; path = SaveOrRetakeView.m; sourceTree = "<group>"; };
		92694D3919478FB00021E63D /* NavigationBar.h */ = {isa = PBXFileReference; fileEncoding = 4; lastKnownFileType = sourcecode.c.h; path = NavigationBar.h; sourceTree = "<group>"; };
		92694D3A19478FB00021E63D /* NavigationBar.m */ = {isa = PBXFileReference; fileEncoding = 4; lastKnownFileType = sourcecode.c.objc; path = NavigationBar.m; sourceTree = "<group>"; };
		92694D3D194793380021E63D /* LabelDataFactory.h */ = {isa = PBXFileReference; fileEncoding = 4; lastKnownFileType = sourcecode.c.h; path = LabelDataFactory.h; sourceTree = "<group>"; };
		92694D3E194793380021E63D /* LabelDataFactory.m */ = {isa = PBXFileReference; fileEncoding = 4; lastKnownFileType = sourcecode.c.objc; path = LabelDataFactory.m; sourceTree = "<group>"; };
		92694D3F194793380021E63D /* LabelData.h */ = {isa = PBXFileReference; fileEncoding = 4; lastKnownFileType = sourcecode.c.h; path = LabelData.h; sourceTree = "<group>"; };
		92694D40194793380021E63D /* LabelData.m */ = {isa = PBXFileReference; fileEncoding = 4; lastKnownFileType = sourcecode.c.objc; path = LabelData.m; sourceTree = "<group>"; };
		92CF2C85194B0EB2007FB27F /* PeopleView.h */ = {isa = PBXFileReference; fileEncoding = 4; lastKnownFileType = sourcecode.c.h; path = PeopleView.h; sourceTree = "<group>"; };
		92CF2C86194B0EB2007FB27F /* PeopleView.m */ = {isa = PBXFileReference; fileEncoding = 4; lastKnownFileType = sourcecode.c.objc; path = PeopleView.m; sourceTree = "<group>"; };
		92CF2C87194B0EB2007FB27F /* PeopleViewController.h */ = {isa = PBXFileReference; fileEncoding = 4; lastKnownFileType = sourcecode.c.h; path = PeopleViewController.h; sourceTree = "<group>"; };
		92CF2C88194B0EB2007FB27F /* PeopleViewController.m */ = {isa = PBXFileReference; fileEncoding = 4; lastKnownFileType = sourcecode.c.objc; path = PeopleViewController.m; sourceTree = "<group>"; };
		92CF2C89194B0EB2007FB27F /* PhotoOverviewView.h */ = {isa = PBXFileReference; fileEncoding = 4; lastKnownFileType = sourcecode.c.h; path = PhotoOverviewView.h; sourceTree = "<group>"; };
		92CF2C8A194B0EB2007FB27F /* PhotoOverviewView.m */ = {isa = PBXFileReference; fileEncoding = 4; lastKnownFileType = sourcecode.c.objc; path = PhotoOverviewView.m; sourceTree = "<group>"; };
		92CF2C8B194B0EB2007FB27F /* PhotoOverviewViewController.h */ = {isa = PBXFileReference; fileEncoding = 4; lastKnownFileType = sourcecode.c.h; path = PhotoOverviewViewController.h; sourceTree = "<group>"; };
		92CF2C8C194B0EB2007FB27F /* PhotoOverviewViewController.m */ = {isa = PBXFileReference; fileEncoding = 4; lastKnownFileType = sourcecode.c.objc; path = PhotoOverviewViewController.m; sourceTree = "<group>"; };
		92CF2C8D194B0EB2007FB27F /* ShowPhotoView.h */ = {isa = PBXFileReference; fileEncoding = 4; lastKnownFileType = sourcecode.c.h; path = ShowPhotoView.h; sourceTree = "<group>"; };
		92CF2C8E194B0EB2007FB27F /* ShowPhotoView.m */ = {isa = PBXFileReference; fileEncoding = 4; lastKnownFileType = sourcecode.c.objc; path = ShowPhotoView.m; sourceTree = "<group>"; };
		92CF2C8F194B0EB2007FB27F /* ShowPhotoViewController.h */ = {isa = PBXFileReference; fileEncoding = 4; lastKnownFileType = sourcecode.c.h; path = ShowPhotoViewController.h; sourceTree = "<group>"; };
		92CF2C90194B0EB2007FB27F /* ShowPhotoViewController.m */ = {isa = PBXFileReference; fileEncoding = 4; lastKnownFileType = sourcecode.c.objc; path = ShowPhotoViewController.m; sourceTree = "<group>"; };
		92CF2C99194B10E4007FB27F /* RecordingView.h */ = {isa = PBXFileReference; fileEncoding = 4; lastKnownFileType = sourcecode.c.h; path = RecordingView.h; sourceTree = "<group>"; };
		92CF2C9A194B10E4007FB27F /* RecordingView.m */ = {isa = PBXFileReference; fileEncoding = 4; lastKnownFileType = sourcecode.c.objc; path = RecordingView.m; sourceTree = "<group>"; };
		92CF2C9B194B10E4007FB27F /* RecordingViewController.h */ = {isa = PBXFileReference; fileEncoding = 4; lastKnownFileType = sourcecode.c.h; path = RecordingViewController.h; sourceTree = "<group>"; };
		92CF2C9C194B10E4007FB27F /* RecordingViewController.m */ = {isa = PBXFileReference; fileEncoding = 4; lastKnownFileType = sourcecode.c.objc; path = RecordingViewController.m; sourceTree = "<group>"; };
		92E91209194AECD80031FBCD /* GPSEndView.h */ = {isa = PBXFileReference; fileEncoding = 4; lastKnownFileType = sourcecode.c.h; path = GPSEndView.h; sourceTree = "<group>"; };
		92E9120A194AECD80031FBCD /* GPSEndView.m */ = {isa = PBXFileReference; fileEncoding = 4; lastKnownFileType = sourcecode.c.objc; path = GPSEndView.m; sourceTree = "<group>"; };
		92E9120B194AECD80031FBCD /* GPSEndViewController.h */ = {isa = PBXFileReference; fileEncoding = 4; lastKnownFileType = sourcecode.c.h; path = GPSEndViewController.h; sourceTree = "<group>"; };
		92E9120C194AECD80031FBCD /* GPSEndViewController.m */ = {isa = PBXFileReference; fileEncoding = 4; lastKnownFileType = sourcecode.c.objc; path = GPSEndViewController.m; sourceTree = "<group>"; };
		92E9120D194AECD80031FBCD /* GPSView.h */ = {isa = PBXFileReference; fileEncoding = 4; lastKnownFileType = sourcecode.c.h; path = GPSView.h; sourceTree = "<group>"; };
		92E9120E194AECD80031FBCD /* GPSView.m */ = {isa = PBXFileReference; fileEncoding = 4; lastKnownFileType = sourcecode.c.objc; path = GPSView.m; sourceTree = "<group>"; };
		92E9120F194AECD80031FBCD /* GPSViewController.h */ = {isa = PBXFileReference; fileEncoding = 4; lastKnownFileType = sourcecode.c.h; path = GPSViewController.h; sourceTree = "<group>"; };
		92E91210194AECD80031FBCD /* GPSViewController.m */ = {isa = PBXFileReference; fileEncoding = 4; lastKnownFileType = sourcecode.c.objc; path = GPSViewController.m; sourceTree = "<group>"; };
		92E91211194AECD80031FBCD /* MapView.h */ = {isa = PBXFileReference; fileEncoding = 4; lastKnownFileType = sourcecode.c.h; path = MapView.h; sourceTree = "<group>"; };
		92E91212194AECD80031FBCD /* MapView.m */ = {isa = PBXFileReference; fileEncoding = 4; lastKnownFileType = sourcecode.c.objc; path = MapView.m; sourceTree = "<group>"; };
		92E91213194AECD80031FBCD /* MapViewController.h */ = {isa = PBXFileReference; fileEncoding = 4; lastKnownFileType = sourcecode.c.h; path = MapViewController.h; sourceTree = "<group>"; };
		92E91214194AECD80031FBCD /* MapViewController.m */ = {isa = PBXFileReference; fileEncoding = 4; lastKnownFileType = sourcecode.c.objc; path = MapViewController.m; sourceTree = "<group>"; };
		92E9121E194AEF040031FBCD /* AFHTTPRequestOperation.h */ = {isa = PBXFileReference; fileEncoding = 4; lastKnownFileType = sourcecode.c.h; path = AFHTTPRequestOperation.h; sourceTree = "<group>"; };
		92E9121F194AEF040031FBCD /* AFHTTPRequestOperation.m */ = {isa = PBXFileReference; fileEncoding = 4; lastKnownFileType = sourcecode.c.objc; path = AFHTTPRequestOperation.m; sourceTree = "<group>"; };
		92E91220194AEF040031FBCD /* AFHTTPRequestOperationManager.h */ = {isa = PBXFileReference; fileEncoding = 4; lastKnownFileType = sourcecode.c.h; path = AFHTTPRequestOperationManager.h; sourceTree = "<group>"; };
		92E91221194AEF040031FBCD /* AFHTTPRequestOperationManager.m */ = {isa = PBXFileReference; fileEncoding = 4; lastKnownFileType = sourcecode.c.objc; path = AFHTTPRequestOperationManager.m; sourceTree = "<group>"; };
		92E91222194AEF040031FBCD /* AFHTTPSessionManager.h */ = {isa = PBXFileReference; fileEncoding = 4; lastKnownFileType = sourcecode.c.h; path = AFHTTPSessionManager.h; sourceTree = "<group>"; };
		92E91223194AEF040031FBCD /* AFHTTPSessionManager.m */ = {isa = PBXFileReference; fileEncoding = 4; lastKnownFileType = sourcecode.c.objc; path = AFHTTPSessionManager.m; sourceTree = "<group>"; };
		92E91224194AEF040031FBCD /* AFNetworking.h */ = {isa = PBXFileReference; fileEncoding = 4; lastKnownFileType = sourcecode.c.h; path = AFNetworking.h; sourceTree = "<group>"; };
		92E91225194AEF040031FBCD /* AFNetworkReachabilityManager.h */ = {isa = PBXFileReference; fileEncoding = 4; lastKnownFileType = sourcecode.c.h; path = AFNetworkReachabilityManager.h; sourceTree = "<group>"; };
		92E91226194AEF040031FBCD /* AFNetworkReachabilityManager.m */ = {isa = PBXFileReference; fileEncoding = 4; lastKnownFileType = sourcecode.c.objc; path = AFNetworkReachabilityManager.m; sourceTree = "<group>"; };
		92E91227194AEF040031FBCD /* AFSecurityPolicy.h */ = {isa = PBXFileReference; fileEncoding = 4; lastKnownFileType = sourcecode.c.h; path = AFSecurityPolicy.h; sourceTree = "<group>"; };
		92E91228194AEF040031FBCD /* AFSecurityPolicy.m */ = {isa = PBXFileReference; fileEncoding = 4; lastKnownFileType = sourcecode.c.objc; path = AFSecurityPolicy.m; sourceTree = "<group>"; };
		92E91229194AEF040031FBCD /* AFURLConnectionOperation.h */ = {isa = PBXFileReference; fileEncoding = 4; lastKnownFileType = sourcecode.c.h; path = AFURLConnectionOperation.h; sourceTree = "<group>"; };
		92E9122A194AEF040031FBCD /* AFURLConnectionOperation.m */ = {isa = PBXFileReference; fileEncoding = 4; lastKnownFileType = sourcecode.c.objc; path = AFURLConnectionOperation.m; sourceTree = "<group>"; };
		92E9122B194AEF040031FBCD /* AFURLRequestSerialization.h */ = {isa = PBXFileReference; fileEncoding = 4; lastKnownFileType = sourcecode.c.h; path = AFURLRequestSerialization.h; sourceTree = "<group>"; };
		92E9122C194AEF040031FBCD /* AFURLRequestSerialization.m */ = {isa = PBXFileReference; fileEncoding = 4; lastKnownFileType = sourcecode.c.objc; path = AFURLRequestSerialization.m; sourceTree = "<group>"; };
		92E9122D194AEF040031FBCD /* AFURLResponseSerialization.h */ = {isa = PBXFileReference; fileEncoding = 4; lastKnownFileType = sourcecode.c.h; path = AFURLResponseSerialization.h; sourceTree = "<group>"; };
		92E9122E194AEF040031FBCD /* AFURLResponseSerialization.m */ = {isa = PBXFileReference; fileEncoding = 4; lastKnownFileType = sourcecode.c.objc; path = AFURLResponseSerialization.m; sourceTree = "<group>"; };
		92E9122F194AEF040031FBCD /* AFURLSessionManager.h */ = {isa = PBXFileReference; fileEncoding = 4; lastKnownFileType = sourcecode.c.h; path = AFURLSessionManager.h; sourceTree = "<group>"; };
		92E91230194AEF040031FBCD /* AFURLSessionManager.m */ = {isa = PBXFileReference; fileEncoding = 4; lastKnownFileType = sourcecode.c.objc; path = AFURLSessionManager.m; sourceTree = "<group>"; };
		EC53FA8B193F623B0056C41D /* GROEP15_MAIV_ENROUTE.app */ = {isa = PBXFileReference; explicitFileType = wrapper.application; includeInIndex = 0; path = GROEP15_MAIV_ENROUTE.app; sourceTree = BUILT_PRODUCTS_DIR; };
		EC53FA8E193F623B0056C41D /* Foundation.framework */ = {isa = PBXFileReference; lastKnownFileType = wrapper.framework; name = Foundation.framework; path = System/Library/Frameworks/Foundation.framework; sourceTree = SDKROOT; };
		EC53FA90193F623B0056C41D /* CoreGraphics.framework */ = {isa = PBXFileReference; lastKnownFileType = wrapper.framework; name = CoreGraphics.framework; path = System/Library/Frameworks/CoreGraphics.framework; sourceTree = SDKROOT; };
		EC53FA92193F623B0056C41D /* UIKit.framework */ = {isa = PBXFileReference; lastKnownFileType = wrapper.framework; name = UIKit.framework; path = System/Library/Frameworks/UIKit.framework; sourceTree = SDKROOT; };
		EC53FA94193F623B0056C41D /* CoreData.framework */ = {isa = PBXFileReference; lastKnownFileType = wrapper.framework; name = CoreData.framework; path = System/Library/Frameworks/CoreData.framework; sourceTree = SDKROOT; };
		EC53FA98193F623B0056C41D /* GROEP15_MAIV_ENROUTE-Info.plist */ = {isa = PBXFileReference; lastKnownFileType = text.plist.xml; path = "GROEP15_MAIV_ENROUTE-Info.plist"; sourceTree = "<group>"; };
		EC53FA9A193F623B0056C41D /* en */ = {isa = PBXFileReference; lastKnownFileType = text.plist.strings; name = en; path = en.lproj/InfoPlist.strings; sourceTree = "<group>"; };
		EC53FA9C193F623B0056C41D /* main.m */ = {isa = PBXFileReference; lastKnownFileType = sourcecode.c.objc; path = main.m; sourceTree = "<group>"; };
		EC53FA9E193F623B0056C41D /* GROEP15_MAIV_ENROUTE-Prefix.pch */ = {isa = PBXFileReference; lastKnownFileType = sourcecode.c.h; path = "GROEP15_MAIV_ENROUTE-Prefix.pch"; sourceTree = "<group>"; };
		EC53FA9F193F623B0056C41D /* AppDelegate.h */ = {isa = PBXFileReference; lastKnownFileType = sourcecode.c.h; path = AppDelegate.h; sourceTree = "<group>"; };
		EC53FAA0193F623B0056C41D /* AppDelegate.m */ = {isa = PBXFileReference; lastKnownFileType = sourcecode.c.objc; path = AppDelegate.m; sourceTree = "<group>"; };
		EC53FAA3193F623B0056C41D /* GROEP15_MAIV_ENROUTE.xcdatamodel */ = {isa = PBXFileReference; lastKnownFileType = wrapper.xcdatamodel; path = GROEP15_MAIV_ENROUTE.xcdatamodel; sourceTree = "<group>"; };
		EC53FAAB193F623B0056C41D /* GROEP15_MAIV_ENROUTETests.xctest */ = {isa = PBXFileReference; explicitFileType = wrapper.cfbundle; includeInIndex = 0; path = GROEP15_MAIV_ENROUTETests.xctest; sourceTree = BUILT_PRODUCTS_DIR; };
		EC53FAAC193F623B0056C41D /* XCTest.framework */ = {isa = PBXFileReference; lastKnownFileType = wrapper.framework; name = XCTest.framework; path = Library/Frameworks/XCTest.framework; sourceTree = DEVELOPER_DIR; };
		EC53FAB5193F623B0056C41D /* GROEP15_MAIV_ENROUTETests-Info.plist */ = {isa = PBXFileReference; lastKnownFileType = text.plist.xml; path = "GROEP15_MAIV_ENROUTETests-Info.plist"; sourceTree = "<group>"; };
		EC53FAB7193F623B0056C41D /* en */ = {isa = PBXFileReference; lastKnownFileType = text.plist.strings; name = en; path = en.lproj/InfoPlist.strings; sourceTree = "<group>"; };
		EC53FAB9193F623B0056C41D /* GROEP15_MAIV_ENROUTETests.m */ = {isa = PBXFileReference; lastKnownFileType = sourcecode.c.objc; path = GROEP15_MAIV_ENROUTETests.m; sourceTree = "<group>"; };
		EC53FACC193F63530056C41D /* MainViewController.h */ = {isa = PBXFileReference; fileEncoding = 4; lastKnownFileType = sourcecode.c.h; path = MainViewController.h; sourceTree = "<group>"; };
		EC53FACD193F63530056C41D /* MainViewController.m */ = {isa = PBXFileReference; fileEncoding = 4; lastKnownFileType = sourcecode.c.objc; path = MainViewController.m; sourceTree = "<group>"; };
		EC53FAD2193F63650056C41D /* MainView.h */ = {isa = PBXFileReference; fileEncoding = 4; lastKnownFileType = sourcecode.c.h; path = MainView.h; sourceTree = "<group>"; };
		EC53FAD3193F63650056C41D /* MainView.m */ = {isa = PBXFileReference; fileEncoding = 4; lastKnownFileType = sourcecode.c.objc; path = MainView.m; sourceTree = "<group>"; };
		EC53FAD5193F636B0056C41D /* RegisterView.h */ = {isa = PBXFileReference; fileEncoding = 4; lastKnownFileType = sourcecode.c.h; path = RegisterView.h; sourceTree = "<group>"; };
		EC53FAD6193F636B0056C41D /* RegisterView.m */ = {isa = PBXFileReference; fileEncoding = 4; lastKnownFileType = sourcecode.c.objc; path = RegisterView.m; sourceTree = "<group>"; };
		EC53FAD8193F63750056C41D /* RegisterViewController.h */ = {isa = PBXFileReference; fileEncoding = 4; lastKnownFileType = sourcecode.c.h; path = RegisterViewController.h; sourceTree = "<group>"; };
		EC53FAD9193F63750056C41D /* RegisterViewController.m */ = {isa = PBXFileReference; fileEncoding = 4; lastKnownFileType = sourcecode.c.objc; path = RegisterViewController.m; sourceTree = "<group>"; };
		EC53FADC193F743B0056C41D /* Images.xcassets */ = {isa = PBXFileReference; lastKnownFileType = folder.assetcatalog; path = Images.xcassets; sourceTree = "<group>"; };
		EC8FBAF3194092F00099F25A /* TidyHand.ttf */ = {isa = PBXFileReference; lastKnownFileType = file; path = TidyHand.ttf; sourceTree = "<group>"; };
		ECBDACCC193FF2BB00D4F903 /* casual_hardcore-webfont.ttf */ = {isa = PBXFileReference; lastKnownFileType = file; path = "casual_hardcore-webfont.ttf"; sourceTree = "<group>"; };
/* End PBXFileReference section */

/* Begin PBXFrameworksBuildPhase section */
		EC53FA88193F623B0056C41D /* Frameworks */ = {
			isa = PBXFrameworksBuildPhase;
			buildActionMask = 2147483647;
			files = (
				925811061949CFF00040390F /* AVFoundation.framework in Frameworks */,
				92148C7D1948757B006A3AE5 /* CoreLocation.framework in Frameworks */,
				92148C7B19487556006A3AE5 /* MapKit.framework in Frameworks */,
				921EABC5194118F800DBE329 /* QuartzCore.framework in Frameworks */,
				EC53FA91193F623B0056C41D /* CoreGraphics.framework in Frameworks */,
				EC53FA95193F623B0056C41D /* CoreData.framework in Frameworks */,
				EC53FA93193F623B0056C41D /* UIKit.framework in Frameworks */,
				EC53FA8F193F623B0056C41D /* Foundation.framework in Frameworks */,
			);
			runOnlyForDeploymentPostprocessing = 0;
		};
		EC53FAA8193F623B0056C41D /* Frameworks */ = {
			isa = PBXFrameworksBuildPhase;
			buildActionMask = 2147483647;
			files = (
				EC53FAAD193F623B0056C41D /* XCTest.framework in Frameworks */,
				EC53FAB0193F623B0056C41D /* CoreData.framework in Frameworks */,
				EC53FAAF193F623B0056C41D /* UIKit.framework in Frameworks */,
				EC53FAAE193F623B0056C41D /* Foundation.framework in Frameworks */,
			);
			runOnlyForDeploymentPostprocessing = 0;
		};
/* End PBXFrameworksBuildPhase section */

/* Begin PBXGroup section */
		923850B4194D8094003FAC8C /* InfoMap */ = {
			isa = PBXGroup;
			children = (
				92148C7F194876E7006A3AE5 /* AnnotationObject.h */,
				92148C80194876E7006A3AE5 /* AnnotationObject.m */,
				923850B8194D80C7003FAC8C /* MainMapView.h */,
				923850B9194D80C7003FAC8C /* MainMapView.m */,
				923850B5194D80A6003FAC8C /* MainMapViewController.h */,
				923850B6194D80A6003FAC8C /* MainMapViewController.m */,
			);
			name = InfoMap;
			sourceTree = "<group>";
		};
		9258110D1949EA080040390F /* save or retake */ = {
			isa = PBXGroup;
			children = (
				9258110A1949EA020040390F /* SaveOrRetakeImageView.h */,
				9258110B1949EA020040390F /* SaveOrRetakeImageView.m */,
				925811071949E9EB0040390F /* SaveOrRetakeImageViewController.h */,
				925811081949E9EB0040390F /* SaveOrRetakeImageViewController.m */,
			);
			name = "save or retake";
			sourceTree = "<group>";
		};
		92694D0C19477EFA0021E63D /* Speeltuin */ = {
			isa = PBXGroup;
			children = (
				92148C8C1948D77E006A3AE5 /* PlaygroundViewController.h */,
				92148C8D1948D77E006A3AE5 /* PlaygroundViewController.m */,
				92148C8E1948D77E006A3AE5 /* PlaygroundView.h */,
				92148C8F1948D77E006A3AE5 /* PlaygroundView.m */,
				92148C901948D77E006A3AE5 /* CameraOverlayView.h */,
				92148C911948D77E006A3AE5 /* CameraOverlayView.m */,
				92148C921948D77E006A3AE5 /* EndViewController.h */,
				92148C931948D77E006A3AE5 /* EndViewController.m */,
				92148C941948D77E006A3AE5 /* EndView.h */,
				92148C951948D77E006A3AE5 /* EndView.m */,
			);
			name = Speeltuin;
			sourceTree = "<group>";
		};
		92694D3C1947932F0021E63D /* Labeldata */ = {
			isa = PBXGroup;
			children = (
				92694D3D194793380021E63D /* LabelDataFactory.h */,
				92694D3E194793380021E63D /* LabelDataFactory.m */,
				92694D3F194793380021E63D /* LabelData.h */,
				92694D40194793380021E63D /* LabelData.m */,
			);
			name = Labeldata;
			sourceTree = "<group>";
		};
		92CF2C97194B0EB6007FB27F /* People */ = {
			isa = PBXGroup;
			children = (
				925B7C50194C768300D0F0FB /* SaveOrRetakeView.h */,
				925B7C51194C768300D0F0FB /* SaveOrRetakeView.m */,
				925B7C4A194C74BE00D0F0FB /* SaveOrRetakeViewController.h */,
				925B7C4B194C74BE00D0F0FB /* SaveOrRetakeViewController.m */,
				92CF2C98194B0EC0007FB27F /* screens */,
				92CF2C85194B0EB2007FB27F /* PeopleView.h */,
				92CF2C86194B0EB2007FB27F /* PeopleView.m */,
				92CF2C87194B0EB2007FB27F /* PeopleViewController.h */,
				92CF2C88194B0EB2007FB27F /* PeopleViewController.m */,
			);
			name = People;
			sourceTree = "<group>";
		};
		92CF2C98194B0EC0007FB27F /* screens */ = {
			isa = PBXGroup;
			children = (
				92CF2C8B194B0EB2007FB27F /* PhotoOverviewViewController.h */,
				92CF2C8C194B0EB2007FB27F /* PhotoOverviewViewController.m */,
				92CF2C89194B0EB2007FB27F /* PhotoOverviewView.h */,
				92CF2C8A194B0EB2007FB27F /* PhotoOverviewView.m */,
				92CF2C8F194B0EB2007FB27F /* ShowPhotoViewController.h */,
				92CF2C90194B0EB2007FB27F /* ShowPhotoViewController.m */,
				92CF2C8D194B0EB2007FB27F /* ShowPhotoView.h */,
				92CF2C8E194B0EB2007FB27F /* ShowPhotoView.m */,
			);
			name = screens;
			sourceTree = "<group>";
		};
		92CF2CA5194B10E8007FB27F /* Geluiden */ = {
			isa = PBXGroup;
			children = (
				92CF2C99194B10E4007FB27F /* RecordingView.h */,
				92CF2C9A194B10E4007FB27F /* RecordingView.m */,
				92CF2C9B194B10E4007FB27F /* RecordingViewController.h */,
				92CF2C9C194B10E4007FB27F /* RecordingViewController.m */,
			);
			name = Geluiden;
			sourceTree = "<group>";
		};
		92E9121B194AED610031FBCD /* GPS */ = {
			isa = PBXGroup;
			children = (
				92E9121C194AED6A0031FBCD /* screens */,
				92E9120D194AECD80031FBCD /* GPSView.h */,
				92E9120E194AECD80031FBCD /* GPSView.m */,
				92E9120F194AECD80031FBCD /* GPSViewController.h */,
				92E91210194AECD80031FBCD /* GPSViewController.m */,
			);
			name = GPS;
			sourceTree = "<group>";
		};
		92E9121C194AED6A0031FBCD /* screens */ = {
			isa = PBXGroup;
			children = (
				92E91209194AECD80031FBCD /* GPSEndView.h */,
				92E9120A194AECD80031FBCD /* GPSEndView.m */,
				92E9120B194AECD80031FBCD /* GPSEndViewController.h */,
				92E9120C194AECD80031FBCD /* GPSEndViewController.m */,
				92E91213194AECD80031FBCD /* MapViewController.h */,
				92E91214194AECD80031FBCD /* MapViewController.m */,
				92E91211194AECD80031FBCD /* MapView.h */,
				92E91212194AECD80031FBCD /* MapView.m */,
			);
			name = screens;
			sourceTree = "<group>";
		};
		92E9121D194AEF040031FBCD /* AFNetworking */ = {
			isa = PBXGroup;
			children = (
				92E9121E194AEF040031FBCD /* AFHTTPRequestOperation.h */,
				92E9121F194AEF040031FBCD /* AFHTTPRequestOperation.m */,
				92E91220194AEF040031FBCD /* AFHTTPRequestOperationManager.h */,
				92E91221194AEF040031FBCD /* AFHTTPRequestOperationManager.m */,
				92E91222194AEF040031FBCD /* AFHTTPSessionManager.h */,
				92E91223194AEF040031FBCD /* AFHTTPSessionManager.m */,
				92E91224194AEF040031FBCD /* AFNetworking.h */,
				92E91225194AEF040031FBCD /* AFNetworkReachabilityManager.h */,
				92E91226194AEF040031FBCD /* AFNetworkReachabilityManager.m */,
				92E91227194AEF040031FBCD /* AFSecurityPolicy.h */,
				92E91228194AEF040031FBCD /* AFSecurityPolicy.m */,
				92E91229194AEF040031FBCD /* AFURLConnectionOperation.h */,
				92E9122A194AEF040031FBCD /* AFURLConnectionOperation.m */,
				92E9122B194AEF040031FBCD /* AFURLRequestSerialization.h */,
				92E9122C194AEF040031FBCD /* AFURLRequestSerialization.m */,
				92E9122D194AEF040031FBCD /* AFURLResponseSerialization.h */,
				92E9122E194AEF040031FBCD /* AFURLResponseSerialization.m */,
				92E9122F194AEF040031FBCD /* AFURLSessionManager.h */,
				92E91230194AEF040031FBCD /* AFURLSessionManager.m */,
			);
			path = AFNetworking;
			sourceTree = "<group>";
		};
		EC53FA82193F623B0056C41D = {
			isa = PBXGroup;
			children = (
				EC53FA96193F623B0056C41D /* GROEP15_MAIV_ENROUTE */,
				EC53FA8D193F623B0056C41D /* Frameworks */,
				EC53FA8C193F623B0056C41D /* Products */,
			);
			sourceTree = "<group>";
		};
		EC53FA8C193F623B0056C41D /* Products */ = {
			isa = PBXGroup;
			children = (
				EC53FA8B193F623B0056C41D /* GROEP15_MAIV_ENROUTE.app */,
				EC53FAAB193F623B0056C41D /* GROEP15_MAIV_ENROUTETests.xctest */,
			);
			name = Products;
			sourceTree = "<group>";
		};
		EC53FA8D193F623B0056C41D /* Frameworks */ = {
			isa = PBXGroup;
			children = (
				925811051949CFF00040390F /* AVFoundation.framework */,
				92148C7C1948757B006A3AE5 /* CoreLocation.framework */,
				92148C7A19487556006A3AE5 /* MapKit.framework */,
				921EABC4194118F800DBE329 /* QuartzCore.framework */,
				EC53FA8E193F623B0056C41D /* Foundation.framework */,
				EC53FA90193F623B0056C41D /* CoreGraphics.framework */,
				EC53FA92193F623B0056C41D /* UIKit.framework */,
				EC53FA94193F623B0056C41D /* CoreData.framework */,
				EC53FAAC193F623B0056C41D /* XCTest.framework */,
				65488CE31B214EA5882BD3E7 /* libPods.a */,
			);
			name = Frameworks;
			sourceTree = "<group>";
		};
		EC53FA96193F623B0056C41D /* GROEP15_MAIV_ENROUTE */ = {
			isa = PBXGroup;
			children = (
				92148C711948709F006A3AE5 /* UitlegView.h */,
				92148C721948709F006A3AE5 /* UitlegView.m */,
				92694D3919478FB00021E63D /* NavigationBar.h */,
				92694D3A19478FB00021E63D /* NavigationBar.m */,
				EC53FA9F193F623B0056C41D /* AppDelegate.h */,
				EC53FAA0193F623B0056C41D /* AppDelegate.m */,
				EC53FAA2193F623B0056C41D /* GROEP15_MAIV_ENROUTE.xcdatamodeld */,
				EC53FADC193F743B0056C41D /* Images.xcassets */,
				EC53FACA193F63250056C41D /* Main */,
				92CF2CA5194B10E8007FB27F /* Geluiden */,
				92CF2C97194B0EB6007FB27F /* People */,
				92E9121D194AEF040031FBCD /* AFNetworking */,
				92E9121B194AED610031FBCD /* GPS */,
				92694D3C1947932F0021E63D /* Labeldata */,
				92694D0C19477EFA0021E63D /* Speeltuin */,
				EC53FACB193F63280056C41D /* register */,
				EC53FADF193FD5280056C41D /* werken */,
				EC53FAB3193F623B0056C41D /* GROEP15_MAIV_ENROUTETests */,
				EC53FA97193F623B0056C41D /* Supporting Files */,
			);
			path = GROEP15_MAIV_ENROUTE;
			sourceTree = "<group>";
		};
		EC53FA97193F623B0056C41D /* Supporting Files */ = {
			isa = PBXGroup;
			children = (
				EC8FBAF3194092F00099F25A /* TidyHand.ttf */,
				ECBDACCC193FF2BB00D4F903 /* casual_hardcore-webfont.ttf */,
				EC53FA98193F623B0056C41D /* GROEP15_MAIV_ENROUTE-Info.plist */,
				EC53FA99193F623B0056C41D /* InfoPlist.strings */,
				EC53FA9C193F623B0056C41D /* main.m */,
				EC53FA9E193F623B0056C41D /* GROEP15_MAIV_ENROUTE-Prefix.pch */,
			);
			name = "Supporting Files";
			sourceTree = "<group>";
		};
		EC53FAB3193F623B0056C41D /* GROEP15_MAIV_ENROUTETests */ = {
			isa = PBXGroup;
			children = (
				EC53FAB9193F623B0056C41D /* GROEP15_MAIV_ENROUTETests.m */,
				EC53FAB4193F623B0056C41D /* Supporting Files */,
			);
			path = GROEP15_MAIV_ENROUTETests;
			sourceTree = SOURCE_ROOT;
		};
		EC53FAB4193F623B0056C41D /* Supporting Files */ = {
			isa = PBXGroup;
			children = (
				EC53FAB5193F623B0056C41D /* GROEP15_MAIV_ENROUTETests-Info.plist */,
				EC53FAB6193F623B0056C41D /* InfoPlist.strings */,
			);
			name = "Supporting Files";
			sourceTree = "<group>";
		};
		EC53FACA193F63250056C41D /* Main */ = {
			isa = PBXGroup;
			children = (
				923850B4194D8094003FAC8C /* InfoMap */,
				EC53FACC193F63530056C41D /* MainViewController.h */,
				EC53FACD193F63530056C41D /* MainViewController.m */,
				EC53FAD2193F63650056C41D /* MainView.h */,
				EC53FAD3193F63650056C41D /* MainView.m */,
			);
			name = Main;
			sourceTree = "<group>";
		};
		EC53FACB193F63280056C41D /* register */ = {
			isa = PBXGroup;
			children = (
				EC53FAD8193F63750056C41D /* RegisterViewController.h */,
				EC53FAD9193F63750056C41D /* RegisterViewController.m */,
				EC53FAD5193F636B0056C41D /* RegisterView.h */,
				EC53FAD6193F636B0056C41D /* RegisterView.m */,
			);
			name = register;
			sourceTree = "<group>";
		};
		EC53FADF193FD5280056C41D /* werken */ = {
			isa = PBXGroup;
			children = (
				9258110D1949EA080040390F /* save or retake */,
				92148C891948A99E006A3AE5 /* CustomPhotoPicker.h */,
				92148C8A1948A99E006A3AE5 /* CustomPhotoPicker.m */,
				920BF4621947BFA7001BBAA6 /* WerkenViewController.h */,
				920BF4631947BFA7001BBAA6 /* WerkenViewController.m */,
				920BF4641947BFA7001BBAA6 /* WerkenView.h */,
				920BF4651947BFA7001BBAA6 /* WerkenView.m */,
				EC8FBAE91940892F0099F25A /* screens */,
			);
			name = werken;
			sourceTree = "<group>";
		};
		EC8FBAE91940892F0099F25A /* screens */ = {
			isa = PBXGroup;
			children = (
				920BF4681947BFAE001BBAA6 /* DrawingViewController.h */,
				920BF4691947BFAE001BBAA6 /* DrawingViewController.m */,
				920BF46A1947BFAE001BBAA6 /* DrawingView.h */,
				920BF46B1947BFAE001BBAA6 /* DrawingView.m */,
				920BF46C1947BFAE001BBAA6 /* SecondInfoViewController.h */,
				920BF46D1947BFAE001BBAA6 /* SecondInfoViewController.m */,
				920BF46E1947BFAE001BBAA6 /* SecondInfoView.h */,
				920BF46F1947BFAE001BBAA6 /* SecondInfoView.m */,
				920BF4701947BFAE001BBAA6 /* EndDrawViewController.h */,
				920BF4711947BFAE001BBAA6 /* EndDrawViewController.m */,
				920BF4721947BFAE001BBAA6 /* EndDrawView.h */,
				920BF4731947BFAE001BBAA6 /* EndDrawView.m */,
				920BF4741947BFAE001BBAA6 /* DrawingScrollViewController.h */,
				920BF4751947BFAE001BBAA6 /* DrawingScrollViewController.m */,
				920BF4761947BFAE001BBAA6 /* DrawingScrollView.h */,
				920BF4771947BFAE001BBAA6 /* DrawingScrollView.m */,
			);
			name = screens;
			sourceTree = "<group>";
		};
/* End PBXGroup section */

/* Begin PBXNativeTarget section */
		EC53FA8A193F623B0056C41D /* GROEP15_MAIV_ENROUTE */ = {
			isa = PBXNativeTarget;
			buildConfigurationList = EC53FABD193F623B0056C41D /* Build configuration list for PBXNativeTarget "GROEP15_MAIV_ENROUTE" */;
			buildPhases = (
				EC53FA87193F623B0056C41D /* Sources */,
				EC53FA88193F623B0056C41D /* Frameworks */,
				EC53FA89193F623B0056C41D /* Resources */,
			);
			buildRules = (
			);
			dependencies = (
			);
			name = GROEP15_MAIV_ENROUTE;
			productName = GROEP15_MAIV_ENROUTE;
			productReference = EC53FA8B193F623B0056C41D /* GROEP15_MAIV_ENROUTE.app */;
			productType = "com.apple.product-type.application";
		};
		EC53FAAA193F623B0056C41D /* GROEP15_MAIV_ENROUTETests */ = {
			isa = PBXNativeTarget;
			buildConfigurationList = EC53FAC0193F623B0056C41D /* Build configuration list for PBXNativeTarget "GROEP15_MAIV_ENROUTETests" */;
			buildPhases = (
				EC53FAA7193F623B0056C41D /* Sources */,
				EC53FAA8193F623B0056C41D /* Frameworks */,
				EC53FAA9193F623B0056C41D /* Resources */,
			);
			buildRules = (
			);
			dependencies = (
				EC53FAB2193F623B0056C41D /* PBXTargetDependency */,
			);
			name = GROEP15_MAIV_ENROUTETests;
			productName = GROEP15_MAIV_ENROUTETests;
			productReference = EC53FAAB193F623B0056C41D /* GROEP15_MAIV_ENROUTETests.xctest */;
			productType = "com.apple.product-type.bundle.unit-test";
		};
/* End PBXNativeTarget section */

/* Begin PBXProject section */
		EC53FA83193F623B0056C41D /* Project object */ = {
			isa = PBXProject;
			attributes = {
				LastUpgradeCheck = 0510;
				ORGANIZATIONNAME = devine;
				TargetAttributes = {
					EC53FAAA193F623B0056C41D = {
						TestTargetID = EC53FA8A193F623B0056C41D;
					};
				};
			};
			buildConfigurationList = EC53FA86193F623B0056C41D /* Build configuration list for PBXProject "GROEP15_MAIV_ENROUTE" */;
			compatibilityVersion = "Xcode 3.2";
			developmentRegion = English;
			hasScannedForEncodings = 0;
			knownRegions = (
				en,
			);
			mainGroup = EC53FA82193F623B0056C41D;
			productRefGroup = EC53FA8C193F623B0056C41D /* Products */;
			projectDirPath = "";
			projectRoot = "";
			targets = (
				EC53FA8A193F623B0056C41D /* GROEP15_MAIV_ENROUTE */,
				EC53FAAA193F623B0056C41D /* GROEP15_MAIV_ENROUTETests */,
			);
		};
/* End PBXProject section */

/* Begin PBXResourcesBuildPhase section */
		EC53FA89193F623B0056C41D /* Resources */ = {
			isa = PBXResourcesBuildPhase;
			buildActionMask = 2147483647;
			files = (
				EC53FA9B193F623B0056C41D /* InfoPlist.strings in Resources */,
				EC8FBAF4194092F00099F25A /* TidyHand.ttf in Resources */,
				ECBDACCD193FF2BB00D4F903 /* casual_hardcore-webfont.ttf in Resources */,
				EC53FADD193F743B0056C41D /* Images.xcassets in Resources */,
			);
			runOnlyForDeploymentPostprocessing = 0;
		};
		EC53FAA9193F623B0056C41D /* Resources */ = {
			isa = PBXResourcesBuildPhase;
			buildActionMask = 2147483647;
			files = (
				EC53FAB8193F623B0056C41D /* InfoPlist.strings in Resources */,
			);
			runOnlyForDeploymentPostprocessing = 0;
		};
/* End PBXResourcesBuildPhase section */

/* Begin PBXSourcesBuildPhase section */
		EC53FA87193F623B0056C41D /* Sources */ = {
			isa = PBXSourcesBuildPhase;
			buildActionMask = 2147483647;
			files = (
				923850B7194D80A6003FAC8C /* MainMapViewController.m in Sources */,
				92CF2CA1194B10E4007FB27F /* RecordingView.m in Sources */,
				92CF2C95194B0EB2007FB27F /* ShowPhotoView.m in Sources */,
				92E91239194AEF040031FBCD /* AFURLSessionManager.m in Sources */,
				EC53FAD4193F63650056C41D /* MainView.m in Sources */,
				EC53FAA1193F623B0056C41D /* AppDelegate.m in Sources */,
				920BF4781947BFAE001BBAA6 /* DrawingViewController.m in Sources */,
				920BF47F1947BFAE001BBAA6 /* DrawingScrollView.m in Sources */,
				EC53FAA4193F623B0056C41D /* GROEP15_MAIV_ENROUTE.xcdatamodeld in Sources */,
				925811091949E9EB0040390F /* SaveOrRetakeImageViewController.m in Sources */,
				92CF2C91194B0EB2007FB27F /* PeopleView.m in Sources */,
				92148C731948709F006A3AE5 /* UitlegView.m in Sources */,
				92CF2C96194B0EB2007FB27F /* ShowPhotoViewController.m in Sources */,
				92E91233194AEF040031FBCD /* AFHTTPSessionManager.m in Sources */,
				920BF47E1947BFAE001BBAA6 /* DrawingScrollViewController.m in Sources */,
				92E91238194AEF040031FBCD /* AFURLResponseSerialization.m in Sources */,
				92E91219194AECD80031FBCD /* MapView.m in Sources */,
				92CF2C93194B0EB2007FB27F /* PhotoOverviewView.m in Sources */,
				EC53FA9D193F623B0056C41D /* main.m in Sources */,
				923850BA194D80C7003FAC8C /* MainMapView.m in Sources */,
				92E91236194AEF040031FBCD /* AFURLConnectionOperation.m in Sources */,
				92E91234194AEF040031FBCD /* AFNetworkReachabilityManager.m in Sources */,
				92CF2C94194B0EB2007FB27F /* PhotoOverviewViewController.m in Sources */,
				92148C8B1948A99E006A3AE5 /* CustomPhotoPicker.m in Sources */,
				92148C971948D77E006A3AE5 /* PlaygroundView.m in Sources */,
				92148C81194876E7006A3AE5 /* AnnotationObject.m in Sources */,
				92694D3B19478FB00021E63D /* NavigationBar.m in Sources */,
				92CF2CA2194B10E4007FB27F /* RecordingViewController.m in Sources */,
				92E91231194AEF040031FBCD /* AFHTTPRequestOperation.m in Sources */,
				EC53FADA193F63750056C41D /* RegisterViewController.m in Sources */,
				92148C981948D77E006A3AE5 /* CameraOverlayView.m in Sources */,
				EC53FACE193F63530056C41D /* MainViewController.m in Sources */,
				920BF4661947BFA7001BBAA6 /* WerkenViewController.m in Sources */,
				92694D41194793380021E63D /* LabelDataFactory.m in Sources */,
				92E91235194AEF040031FBCD /* AFSecurityPolicy.m in Sources */,
				92E91216194AECD80031FBCD /* GPSEndViewController.m in Sources */,
				920BF47B1947BFAE001BBAA6 /* SecondInfoView.m in Sources */,
				92E9121A194AECD80031FBCD /* MapViewController.m in Sources */,
				92CF2C92194B0EB2007FB27F /* PeopleViewController.m in Sources */,
				92694D42194793380021E63D /* LabelData.m in Sources */,
				92148C991948D77E006A3AE5 /* EndViewController.m in Sources */,
				92148C961948D77E006A3AE5 /* PlaygroundViewController.m in Sources */,
				92E91217194AECD80031FBCD /* GPSView.m in Sources */,
				925B7C4C194C74BE00D0F0FB /* SaveOrRetakeViewController.m in Sources */,
				920BF4671947BFA7001BBAA6 /* WerkenView.m in Sources */,
				925B7C52194C768300D0F0FB /* SaveOrRetakeView.m in Sources */,
				92148C9A1948D77E006A3AE5 /* EndView.m in Sources */,
				9258110C1949EA020040390F /* SaveOrRetakeImageView.m in Sources */,
				92E91237194AEF040031FBCD /* AFURLRequestSerialization.m in Sources */,
				EC53FAD7193F636B0056C41D /* RegisterView.m in Sources */,
				920BF47D1947BFAE001BBAA6 /* EndDrawView.m in Sources */,
				92E91232194AEF040031FBCD /* AFHTTPRequestOperationManager.m in Sources */,
				920BF47A1947BFAE001BBAA6 /* SecondInfoViewController.m in Sources */,
				92E91215194AECD80031FBCD /* GPSEndView.m in Sources */,
				920BF47C1947BFAE001BBAA6 /* EndDrawViewController.m in Sources */,
				920BF4791947BFAE001BBAA6 /* DrawingView.m in Sources */,
				92E91218194AECD80031FBCD /* GPSViewController.m in Sources */,
			);
			runOnlyForDeploymentPostprocessing = 0;
		};
		EC53FAA7193F623B0056C41D /* Sources */ = {
			isa = PBXSourcesBuildPhase;
			buildActionMask = 2147483647;
			files = (
				EC53FABA193F623B0056C41D /* GROEP15_MAIV_ENROUTETests.m in Sources */,
			);
			runOnlyForDeploymentPostprocessing = 0;
		};
/* End PBXSourcesBuildPhase section */

/* Begin PBXTargetDependency section */
		EC53FAB2193F623B0056C41D /* PBXTargetDependency */ = {
			isa = PBXTargetDependency;
			target = EC53FA8A193F623B0056C41D /* GROEP15_MAIV_ENROUTE */;
			targetProxy = EC53FAB1193F623B0056C41D /* PBXContainerItemProxy */;
		};
/* End PBXTargetDependency section */

/* Begin PBXVariantGroup section */
		EC53FA99193F623B0056C41D /* InfoPlist.strings */ = {
			isa = PBXVariantGroup;
			children = (
				EC53FA9A193F623B0056C41D /* en */,
			);
			name = InfoPlist.strings;
			sourceTree = "<group>";
		};
		EC53FAB6193F623B0056C41D /* InfoPlist.strings */ = {
			isa = PBXVariantGroup;
			children = (
				EC53FAB7193F623B0056C41D /* en */,
			);
			name = InfoPlist.strings;
			sourceTree = "<group>";
		};
/* End PBXVariantGroup section */

/* Begin XCBuildConfiguration section */
		EC53FABB193F623B0056C41D /* Debug */ = {
			isa = XCBuildConfiguration;
			buildSettings = {
				ALWAYS_SEARCH_USER_PATHS = NO;
				CLANG_CXX_LANGUAGE_STANDARD = "gnu++0x";
				CLANG_CXX_LIBRARY = "libc++";
				CLANG_ENABLE_MODULES = YES;
				CLANG_ENABLE_OBJC_ARC = YES;
				CLANG_WARN_BOOL_CONVERSION = YES;
				CLANG_WARN_CONSTANT_CONVERSION = YES;
				CLANG_WARN_DIRECT_OBJC_ISA_USAGE = YES_ERROR;
				CLANG_WARN_EMPTY_BODY = YES;
				CLANG_WARN_ENUM_CONVERSION = YES;
				CLANG_WARN_INT_CONVERSION = YES;
				CLANG_WARN_OBJC_ROOT_CLASS = YES_ERROR;
				CLANG_WARN__DUPLICATE_METHOD_MATCH = YES;
				"CODE_SIGN_IDENTITY[sdk=iphoneos*]" = "iPhone Developer";
				COPY_PHASE_STRIP = NO;
				GCC_C_LANGUAGE_STANDARD = gnu99;
				GCC_DYNAMIC_NO_PIC = NO;
				GCC_OPTIMIZATION_LEVEL = 0;
				GCC_PREPROCESSOR_DEFINITIONS = (
					"DEBUG=1",
					"$(inherited)",
				);
				GCC_SYMBOLS_PRIVATE_EXTERN = NO;
				GCC_WARN_64_TO_32_BIT_CONVERSION = YES;
				GCC_WARN_ABOUT_RETURN_TYPE = YES_ERROR;
				GCC_WARN_UNDECLARED_SELECTOR = YES;
				GCC_WARN_UNINITIALIZED_AUTOS = YES_AGGRESSIVE;
				GCC_WARN_UNUSED_FUNCTION = YES;
				GCC_WARN_UNUSED_VARIABLE = YES;
				IPHONEOS_DEPLOYMENT_TARGET = 7.1;
				ONLY_ACTIVE_ARCH = YES;
				SDKROOT = iphoneos;
			};
			name = Debug;
		};
		EC53FABC193F623B0056C41D /* Release */ = {
			isa = XCBuildConfiguration;
			buildSettings = {
				ALWAYS_SEARCH_USER_PATHS = NO;
				CLANG_CXX_LANGUAGE_STANDARD = "gnu++0x";
				CLANG_CXX_LIBRARY = "libc++";
				CLANG_ENABLE_MODULES = YES;
				CLANG_ENABLE_OBJC_ARC = YES;
				CLANG_WARN_BOOL_CONVERSION = YES;
				CLANG_WARN_CONSTANT_CONVERSION = YES;
				CLANG_WARN_DIRECT_OBJC_ISA_USAGE = YES_ERROR;
				CLANG_WARN_EMPTY_BODY = YES;
				CLANG_WARN_ENUM_CONVERSION = YES;
				CLANG_WARN_INT_CONVERSION = YES;
				CLANG_WARN_OBJC_ROOT_CLASS = YES_ERROR;
				CLANG_WARN__DUPLICATE_METHOD_MATCH = YES;
				"CODE_SIGN_IDENTITY[sdk=iphoneos*]" = "iPhone Developer";
				COPY_PHASE_STRIP = YES;
				ENABLE_NS_ASSERTIONS = NO;
				GCC_C_LANGUAGE_STANDARD = gnu99;
				GCC_WARN_64_TO_32_BIT_CONVERSION = YES;
				GCC_WARN_ABOUT_RETURN_TYPE = YES_ERROR;
				GCC_WARN_UNDECLARED_SELECTOR = YES;
				GCC_WARN_UNINITIALIZED_AUTOS = YES_AGGRESSIVE;
				GCC_WARN_UNUSED_FUNCTION = YES;
				GCC_WARN_UNUSED_VARIABLE = YES;
				IPHONEOS_DEPLOYMENT_TARGET = 7.1;
				SDKROOT = iphoneos;
				VALIDATE_PRODUCT = YES;
			};
			name = Release;
		};
		EC53FABE193F623B0056C41D /* Debug */ = {
			isa = XCBuildConfiguration;
			buildSettings = {
				ASSETCATALOG_COMPILER_APPICON_NAME = AppIcon;
				ASSETCATALOG_COMPILER_LAUNCHIMAGE_NAME = LaunchImage;
				GCC_PRECOMPILE_PREFIX_HEADER = YES;
				GCC_PREFIX_HEADER = "GROEP15_MAIV_ENROUTE/GROEP15_MAIV_ENROUTE-Prefix.pch";
				INFOPLIST_FILE = "GROEP15_MAIV_ENROUTE/GROEP15_MAIV_ENROUTE-Info.plist";
				PRODUCT_NAME = "$(TARGET_NAME)";
				WRAPPER_EXTENSION = app;
			};
			name = Debug;
		};
		EC53FABF193F623B0056C41D /* Release */ = {
			isa = XCBuildConfiguration;
			buildSettings = {
				ASSETCATALOG_COMPILER_APPICON_NAME = AppIcon;
				ASSETCATALOG_COMPILER_LAUNCHIMAGE_NAME = LaunchImage;
				GCC_PRECOMPILE_PREFIX_HEADER = YES;
				GCC_PREFIX_HEADER = "GROEP15_MAIV_ENROUTE/GROEP15_MAIV_ENROUTE-Prefix.pch";
				INFOPLIST_FILE = "GROEP15_MAIV_ENROUTE/GROEP15_MAIV_ENROUTE-Info.plist";
				PRODUCT_NAME = "$(TARGET_NAME)";
				WRAPPER_EXTENSION = app;
			};
			name = Release;
		};
		EC53FAC1193F623B0056C41D /* Debug */ = {
			isa = XCBuildConfiguration;
			buildSettings = {
				BUNDLE_LOADER = "$(BUILT_PRODUCTS_DIR)/GROEP15_MAIV_ENROUTE.app/GROEP15_MAIV_ENROUTE";
				FRAMEWORK_SEARCH_PATHS = (
					"$(SDKROOT)/Developer/Library/Frameworks",
					"$(inherited)",
					"$(DEVELOPER_FRAMEWORKS_DIR)",
				);
				GCC_PRECOMPILE_PREFIX_HEADER = YES;
				GCC_PREFIX_HEADER = "GROEP15_MAIV_ENROUTE/GROEP15_MAIV_ENROUTE-Prefix.pch";
				GCC_PREPROCESSOR_DEFINITIONS = (
					"DEBUG=1",
					"$(inherited)",
				);
				INFOPLIST_FILE = "GROEP15_MAIV_ENROUTETests/GROEP15_MAIV_ENROUTETests-Info.plist";
				PRODUCT_NAME = "$(TARGET_NAME)";
				TEST_HOST = "$(BUNDLE_LOADER)";
				WRAPPER_EXTENSION = xctest;
			};
			name = Debug;
		};
		EC53FAC2193F623B0056C41D /* Release */ = {
			isa = XCBuildConfiguration;
			buildSettings = {
				BUNDLE_LOADER = "$(BUILT_PRODUCTS_DIR)/GROEP15_MAIV_ENROUTE.app/GROEP15_MAIV_ENROUTE";
				FRAMEWORK_SEARCH_PATHS = (
					"$(SDKROOT)/Developer/Library/Frameworks",
					"$(inherited)",
					"$(DEVELOPER_FRAMEWORKS_DIR)",
				);
				GCC_PRECOMPILE_PREFIX_HEADER = YES;
				GCC_PREFIX_HEADER = "GROEP15_MAIV_ENROUTE/GROEP15_MAIV_ENROUTE-Prefix.pch";
				INFOPLIST_FILE = "GROEP15_MAIV_ENROUTETests/GROEP15_MAIV_ENROUTETests-Info.plist";
				PRODUCT_NAME = "$(TARGET_NAME)";
				TEST_HOST = "$(BUNDLE_LOADER)";
				WRAPPER_EXTENSION = xctest;
			};
			name = Release;
		};
/* End XCBuildConfiguration section */

/* Begin XCConfigurationList section */
		EC53FA86193F623B0056C41D /* Build configuration list for PBXProject "GROEP15_MAIV_ENROUTE" */ = {
			isa = XCConfigurationList;
			buildConfigurations = (
				EC53FABB193F623B0056C41D /* Debug */,
				EC53FABC193F623B0056C41D /* Release */,
			);
			defaultConfigurationIsVisible = 0;
			defaultConfigurationName = Release;
		};
		EC53FABD193F623B0056C41D /* Build configuration list for PBXNativeTarget "GROEP15_MAIV_ENROUTE" */ = {
			isa = XCConfigurationList;
			buildConfigurations = (
				EC53FABE193F623B0056C41D /* Debug */,
				EC53FABF193F623B0056C41D /* Release */,
			);
			defaultConfigurationIsVisible = 0;
			defaultConfigurationName = Release;
		};
		EC53FAC0193F623B0056C41D /* Build configuration list for PBXNativeTarget "GROEP15_MAIV_ENROUTETests" */ = {
			isa = XCConfigurationList;
			buildConfigurations = (
				EC53FAC1193F623B0056C41D /* Debug */,
				EC53FAC2193F623B0056C41D /* Release */,
			);
			defaultConfigurationIsVisible = 0;
			defaultConfigurationName = Release;
		};
/* End XCConfigurationList section */

/* Begin XCVersionGroup section */
		EC53FAA2193F623B0056C41D /* GROEP15_MAIV_ENROUTE.xcdatamodeld */ = {
			isa = XCVersionGroup;
			children = (
				EC53FAA3193F623B0056C41D /* GROEP15_MAIV_ENROUTE.xcdatamodel */,
			);
			currentVersion = EC53FAA3193F623B0056C41D /* GROEP15_MAIV_ENROUTE.xcdatamodel */;
			path = GROEP15_MAIV_ENROUTE.xcdatamodeld;
			sourceTree = "<group>";
			versionGroupType = wrapper.xcdatamodel;
		};
/* End XCVersionGroup section */
	};
	rootObject = EC53FA83193F623B0056C41D /* Project object */;
}
